
Microsoft Visual Studio Solution File, Format Version 12.00
# Visual Studio Version 17
VisualStudioVersion = 17.5.33516.290
MinimumVisualStudioVersion = 10.0.40219.1
Project("{FAE04EC0-301F-11D3-BF4B-00C04F79EFBC}") = "LB2_Task1_Forms", "LB2_Task1_Forms\LB2_Task1_Forms.csproj", "{9BF64D33-3168-4B2B-84DC-3D908411DC43}"
EndProject
Global
	GlobalSection(SolutionConfigurationPlatforms) = preSolution
		Debug|Any CPU = Debug|Any CPU
		Release|Any CPU = Release|Any CPU
	EndGlobalSection
	GlobalSection(ProjectConfigurationPlatforms) = postSolution
		{9BF64D33-3168-4B2B-84DC-3D908411DC43}.Debug|Any CPU.ActiveCfg = Debug|Any CPU
		{9BF64D33-3168-4B2B-84DC-3D908411DC43}.Debug|Any CPU.Build.0 = Debug|Any CPU
		{9BF64D33-3168-4B2B-84DC-3D908411DC43}.Release|Any CPU.ActiveCfg = Release|Any CPU
		{9BF64D33-3168-4B2B-84DC-3D908411DC43}.Release|Any CPU.Build.0 = Release|Any CPU
	EndGlobalSection
	GlobalSection(SolutionProperties) = preSolution
		HideSolutionNode = FALSE
	EndGlobalSection
	GlobalSection(ExtensibilityGlobals) = postSolution
		SolutionGuid = {3AB2FDD4-F956-434E-85B8-B42C62FCC2EA}
	EndGlobalSection
EndGlobal
